
Microsoft Visual Studio Solution File, Format Version 12.00
# Visual Studio Version 17
VisualStudioVersion = 17.9.34714.143
MinimumVisualStudioVersion = 10.0.40219.1
Project("{FAE04EC0-301F-11D3-BF4B-00C04F79EFBC}") = "BloggingAPI", "BloggingAPI.csproj", "{F29A942D-5C87-4221-8E61-DDB598C04330}"
EndProject
Project("{FAE04EC0-301F-11D3-BF4B-00C04F79EFBC}") = "DAL", "..\DAL\DAL.csproj", "{4B3575B9-A82B-4183-88AF-DAEDAE7F5627}"
EndProject
Project("{FAE04EC0-301F-11D3-BF4B-00C04F79EFBC}") = "BLL", "..\BLL\BLL.csproj", "{50CC4B7B-7CCB-4634-8B76-BF25D7F4A664}"
EndProject
Project("{FAE04EC0-301F-11D3-BF4B-00C04F79EFBC}") = "Entities", "..\Entities\Entities.csproj", "{3E512918-AE86-4AFE-A842-4B0AB46AB513}"
EndProject
Global
	GlobalSection(SolutionConfigurationPlatforms) = preSolution
		Debug|Any CPU = Debug|Any CPU
		Release|Any CPU = Release|Any CPU
	EndGlobalSection
	GlobalSection(ProjectConfigurationPlatforms) = postSolution
		{F29A942D-5C87-4221-8E61-DDB598C04330}.Debug|Any CPU.ActiveCfg = Debug|Any CPU
		{F29A942D-5C87-4221-8E61-DDB598C04330}.Debug|Any CPU.Build.0 = Debug|Any CPU
		{F29A942D-5C87-4221-8E61-DDB598C04330}.Release|Any CPU.ActiveCfg = Release|Any CPU
		{F29A942D-5C87-4221-8E61-DDB598C04330}.Release|Any CPU.Build.0 = Release|Any CPU
		{4B3575B9-A82B-4183-88AF-DAEDAE7F5627}.Debug|Any CPU.ActiveCfg = Debug|Any CPU
		{4B3575B9-A82B-4183-88AF-DAEDAE7F5627}.Debug|Any CPU.Build.0 = Debug|Any CPU
		{4B3575B9-A82B-4183-88AF-DAEDAE7F5627}.Release|Any CPU.ActiveCfg = Release|Any CPU
		{4B3575B9-A82B-4183-88AF-DAEDAE7F5627}.Release|Any CPU.Build.0 = Release|Any CPU
		{50CC4B7B-7CCB-4634-8B76-BF25D7F4A664}.Debug|Any CPU.ActiveCfg = Debug|Any CPU
		{50CC4B7B-7CCB-4634-8B76-BF25D7F4A664}.Debug|Any CPU.Build.0 = Debug|Any CPU
		{50CC4B7B-7CCB-4634-8B76-BF25D7F4A664}.Release|Any CPU.ActiveCfg = Release|Any CPU
		{50CC4B7B-7CCB-4634-8B76-BF25D7F4A664}.Release|Any CPU.Build.0 = Release|Any CPU
		{3E512918-AE86-4AFE-A842-4B0AB46AB513}.Debug|Any CPU.ActiveCfg = Debug|Any CPU
		{3E512918-AE86-4AFE-A842-4B0AB46AB513}.Debug|Any CPU.Build.0 = Debug|Any CPU
		{3E512918-AE86-4AFE-A842-4B0AB46AB513}.Release|Any CPU.ActiveCfg = Release|Any CPU
		{3E512918-AE86-4AFE-A842-4B0AB46AB513}.Release|Any CPU.Build.0 = Release|Any CPU
	EndGlobalSection
	GlobalSection(SolutionProperties) = preSolution
		HideSolutionNode = FALSE
	EndGlobalSection
	GlobalSection(ExtensibilityGlobals) = postSolution
		SolutionGuid = {BC5BB282-8DA0-48BA-B6E4-6EE5CC1BD751}
	EndGlobalSection
EndGlobal
